
Microsoft Visual Studio Solution File, Format Version 12.00
# Visual Studio Version 16
VisualStudioVersion = 16.0.31313.79
MinimumVisualStudioVersion = 10.0.40219.1
Project("{FAE04EC0-301F-11D3-BF4B-00C04F79EFBC}") = "TrabDesktop", "TrabDesktop\TrabDesktop.csproj", "{D2EF70CC-F243-4A6E-95C0-0B9B04C84591}"
EndProject
Project("{FAE04EC0-301F-11D3-BF4B-00C04F79EFBC}") = "Repositorio", "Repositorio\Repositorio.csproj", "{52F8132D-6315-4C46-A4B5-D3FA9707166F}"
EndProject
Global
	GlobalSection(SolutionConfigurationPlatforms) = preSolution
		Debug|Any CPU = Debug|Any CPU
		Release|Any CPU = Release|Any CPU
	EndGlobalSection
	GlobalSection(ProjectConfigurationPlatforms) = postSolution
		{D2EF70CC-F243-4A6E-95C0-0B9B04C84591}.Debug|Any CPU.ActiveCfg = Debug|Any CPU
		{D2EF70CC-F243-4A6E-95C0-0B9B04C84591}.Debug|Any CPU.Build.0 = Debug|Any CPU
		{D2EF70CC-F243-4A6E-95C0-0B9B04C84591}.Release|Any CPU.ActiveCfg = Release|Any CPU
		{D2EF70CC-F243-4A6E-95C0-0B9B04C84591}.Release|Any CPU.Build.0 = Release|Any CPU
		{52F8132D-6315-4C46-A4B5-D3FA9707166F}.Debug|Any CPU.ActiveCfg = Debug|Any CPU
		{52F8132D-6315-4C46-A4B5-D3FA9707166F}.Debug|Any CPU.Build.0 = Debug|Any CPU
		{52F8132D-6315-4C46-A4B5-D3FA9707166F}.Release|Any CPU.ActiveCfg = Release|Any CPU
		{52F8132D-6315-4C46-A4B5-D3FA9707166F}.Release|Any CPU.Build.0 = Release|Any CPU
	EndGlobalSection
	GlobalSection(SolutionProperties) = preSolution
		HideSolutionNode = FALSE
	EndGlobalSection
	GlobalSection(ExtensibilityGlobals) = postSolution
		SolutionGuid = {49DCB781-E946-4876-9929-36EAB65E8AD9}
	EndGlobalSection
EndGlobal
